<?xml version="1.0" encoding="utf-8"?>
<Project ToolsVersion="4.0" xmlns="http://schemas.microsoft.com/developer/msbuild/2003">
  <ItemGroup>
    <ClCompile Include="barrier.cpp" />
    <ClCompile Include="command.cpp" />
    <ClCompile Include="entity.cpp" />
    <ClCompile Include="exit.cpp" />
    <ClCompile Include="item.cpp" />
    <ClCompile Include="main.cpp" />
    <ClCompile Include="creature.cpp" />
    <ClCompile Include="player.cpp" />
    <ClCompile Include="room.cpp" />
    <ClCompile Include="world.cpp" />
    <ClCompile Include="enemy.cpp" />
    <ClCompile Include="globals.cpp" />
  </ItemGroup>
  <ItemGroup>
    <ClInclude Include="barrier.h" />
    <ClInclude Include="command.h" />
    <ClInclude Include="entity.h" />
    <ClInclude Include="creature.h" />
    <ClInclude Include="exit.h" />
    <ClInclude Include="item.h" />
    <ClInclude Include="player.h" />
    <ClInclude Include="room.h" />
    <ClInclude Include="world.h" />
    <ClInclude Include="enemy.h" />
    <ClInclude Include="globals.h" />
  </ItemGroup>
</Project>